schema: '2.0'
stages:
  training:
    cmd: python src/pipeline/training_pipeline.py
    deps:
    - path: src/components/data_ingestion.py
      hash: md5
      md5: 4b67c79ae3786e3e21e258e194880818
      size: 6435
    - path: src/components/model_tester.py
      hash: md5
      md5: 51e7518cbebac29aaa328fbf61ea75d2
      size: 1584
    - path: src/components/model_trainer.py
      hash: md5
      md5: fdb9123acd7ad14e91fa7d81db04c3a5
      size: 4271
    outs:
    - path: artifacts/model.h5
      hash: md5
      md5: 5af674f2caa9a81b52fc5f66f0afd29c
      size: 9963616
    - path: data/ingested_data
      hash: md5
      md5: e2a1c1920b11197e9d73f2879b8d6776.dir
      size: 404626071
      nfiles: 4
